// !$*UTF8*$!
{
	archiveVersion = 1;
	classes = {
	};
	objectVersion = 54;
	objects = {

/* Begin PBXBuildFile section */
		00E356F31AD99517003FC87E /* lenvoleequestionnairev2Tests.m in Sources */ = {isa = PBXBuildFile; fileRef = 00E356F21AD99517003FC87E /* lenvoleequestionnairev2Tests.m */; };
		0C80B921A6F3F58F76C31292 /* libPods-lenvoleequestionnairev2.a in Frameworks */ = {isa = PBXBuildFile; fileRef = 5DCACB8F33CDC322A6C60F78 /* libPods-lenvoleequestionnairev2.a */; };
		13B07FBC1A68108700A75B9A /* AppDelegate.mm in Sources */ = {isa = PBXBuildFile; fileRef = 13B07FB01A68108700A75B9A /* AppDelegate.mm */; };
		13B07FBF1A68108700A75B9A /* Images.xcassets in Resources */ = {isa = PBXBuildFile; fileRef = 13B07FB51A68108700A75B9A /* Images.xcassets */; };
		13B07FC11A68108700A75B9A /* main.m in Sources */ = {isa = PBXBuildFile; fileRef = 13B07FB71A68108700A75B9A /* main.m */; };
		7699B88040F8A987B510C191 /* libPods-lenvoleequestionnairev2-lenvoleequestionnairev2Tests.a in Frameworks */ = {isa = PBXBuildFile; fileRef = 19F6CBCC0A4E27FBF8BF4A61 /* libPods-lenvoleequestionnairev2-lenvoleequestionnairev2Tests.a */; };
		81AB9BB82411601600AC10FF /* LaunchScreen.storyboard in Resources */ = {isa = PBXBuildFile; fileRef = 81AB9BB72411601600AC10FF /* LaunchScreen.storyboard */; };
		BD52F92F9C974FC48B53940F /* FrankRuhlLibre-Black.ttf in Resources */ = {isa = PBXBuildFile; fileRef = 29C6B8A1FFC24BD497D76048 /* FrankRuhlLibre-Black.ttf */; };
		9D99E781E4B045B4B2CE65B3 /* FrankRuhlLibre-Bold.ttf in Resources */ = {isa = PBXBuildFile; fileRef = 3C4E5318B3304889B3545871 /* FrankRuhlLibre-Bold.ttf */; };
		2CD97BD7D23D4356AD2D8F76 /* FrankRuhlLibre-ExtraBold.ttf in Resources */ = {isa = PBXBuildFile; fileRef = 763B59E6A4A2415FAF946E08 /* FrankRuhlLibre-ExtraBold.ttf */; };
		70FAD0DFAF854E75AEF58061 /* FrankRuhlLibre-Light.ttf in Resources */ = {isa = PBXBuildFile; fileRef = CF10B2B0A04F49E29734FAA0 /* FrankRuhlLibre-Light.ttf */; };
		7D0E79EC753046F79132E830 /* FrankRuhlLibre-Medium.ttf in Resources */ = {isa = PBXBuildFile; fileRef = DAFDB24C46F949ED94D06A3A /* FrankRuhlLibre-Medium.ttf */; };
		D9CE2AA12CFE4F3195D071DB /* FrankRuhlLibre-Regular.ttf in Resources */ = {isa = PBXBuildFile; fileRef = F9290F356ED548F283A11C4D /* FrankRuhlLibre-Regular.ttf */; };
		7E77291BB60E441F85145552 /* FrankRuhlLibre-SemiBold.ttf in Resources */ = {isa = PBXBuildFile; fileRef = F575FCB38EC24847852CBBD9 /* FrankRuhlLibre-SemiBold.ttf */; };
		866C7D83E0094DCA8CD13AC2 /* Inter-Black.ttf in Resources */ = {isa = PBXBuildFile; fileRef = D1381826C9FE4003B34B9572 /* Inter-Black.ttf */; };
		2DEEE574F71D464A99B74B43 /* Inter-Bold.ttf in Resources */ = {isa = PBXBuildFile; fileRef = 80E86B83509747B5B6299216 /* Inter-Bold.ttf */; };
		366D87CF1A234EA29B8354EF /* Inter-ExtraBold.ttf in Resources */ = {isa = PBXBuildFile; fileRef = F31802E377F94CEBB683E0F1 /* Inter-ExtraBold.ttf */; };
		BB2F70F4A4E440DEAEF127A6 /* Inter-ExtraLight.ttf in Resources */ = {isa = PBXBuildFile; fileRef = 708DCDE2F3084D519933FD0B /* Inter-ExtraLight.ttf */; };
		3C1E94B2798744B8AD3F8121 /* Inter-Light.ttf in Resources */ = {isa = PBXBuildFile; fileRef = B2636F437847405A9C08CA97 /* Inter-Light.ttf */; };
		0360D4DE3B824F5BAF0AB9C7 /* Inter-Medium.ttf in Resources */ = {isa = PBXBuildFile; fileRef = 15F5BC1BEAEB4277B2CB4BFF /* Inter-Medium.ttf */; };
		B3E3004BF0654DE5A73306ED /* Inter-Regular.ttf in Resources */ = {isa = PBXBuildFile; fileRef = A0DCD385166244D38897FCD9 /* Inter-Regular.ttf */; };
		76E2C595CBD44A04BCA4EBE7 /* Inter-SemiBold.ttf in Resources */ = {isa = PBXBuildFile; fileRef = 64A1C14B8FC64F04A7869C22 /* Inter-SemiBold.ttf */; };
		3AB4D4264C2D40AD83D74851 /* Inter-Thin.ttf in Resources */ = {isa = PBXBuildFile; fileRef = 3D3481F5DC014529BFCED08D /* Inter-Thin.ttf */; };
		B6092495314F436BBE3B5EA8 /* Roboto-Black.ttf in Resources */ = {isa = PBXBuildFile; fileRef = 1158FAEBAA5B4372B9DFA1D3 /* Roboto-Black.ttf */; };
		FCA2977CEE6642AE936C9F88 /* Roboto-BlackItalic.ttf in Resources */ = {isa = PBXBuildFile; fileRef = C65ACD814E97420B9A0BAA25 /* Roboto-BlackItalic.ttf */; };
		3DCFFA429EE7414194B07A0C /* Roboto-Bold.ttf in Resources */ = {isa = PBXBuildFile; fileRef = 00C3C35E2B374B069BAB1643 /* Roboto-Bold.ttf */; };
		74ADC000AC974D57A406773C /* Roboto-BoldItalic.ttf in Resources */ = {isa = PBXBuildFile; fileRef = FE07D3683BCF4A8599BADBDE /* Roboto-BoldItalic.ttf */; };
		366CCADF119848D8985CB3B0 /* Roboto-Italic.ttf in Resources */ = {isa = PBXBuildFile; fileRef = 58FAAD036ECC4445870708B2 /* Roboto-Italic.ttf */; };
		6759209DA79E43E78AE05137 /* Roboto-Light.ttf in Resources */ = {isa = PBXBuildFile; fileRef = 163F4150404C400B995DCD8A /* Roboto-Light.ttf */; };
		91BC3AB0CB61447D998020B0 /* Roboto-LightItalic.ttf in Resources */ = {isa = PBXBuildFile; fileRef = 004F118E712E4173988BDD5B /* Roboto-LightItalic.ttf */; };
		62950016E61747BCA37C1091 /* Roboto-Medium.ttf in Resources */ = {isa = PBXBuildFile; fileRef = 616E759D9C4C41C99514E557 /* Roboto-Medium.ttf */; };
		690EF75ACF214AA3A75D1957 /* Roboto-MediumItalic.ttf in Resources */ = {isa = PBXBuildFile; fileRef = 4DCF114CD2174B749E98FB74 /* Roboto-MediumItalic.ttf */; };
		2AA08E8D476A4068800B625A /* Roboto-Regular.ttf in Resources */ = {isa = PBXBuildFile; fileRef = DBC89650CB9144D79DE068F9 /* Roboto-Regular.ttf */; };
		264EA3C7DDC542AFADB68F0F /* Roboto-Thin.ttf in Resources */ = {isa = PBXBuildFile; fileRef = B87140E69C4948F19ADAA58C /* Roboto-Thin.ttf */; };
		BFC0EFBE54A04A91A145E432 /* Roboto-ThinItalic.ttf in Resources */ = {isa = PBXBuildFile; fileRef = 9F94BBC68D494CA3BED5D79E /* Roboto-ThinItalic.ttf */; };
		BBBDE95880834CA39744DF33 /* Rubik-Black.ttf in Resources */ = {isa = PBXBuildFile; fileRef = B5BCBDB62EA940A0983F6440 /* Rubik-Black.ttf */; };
		FA499CB5865A4B44A8EB68EC /* Rubik-BlackItalic.ttf in Resources */ = {isa = PBXBuildFile; fileRef = 0550B8B7416041D3A9AE95DB /* Rubik-BlackItalic.ttf */; };
		216C636AB1DA49DDA381368C /* Rubik-Bold.ttf in Resources */ = {isa = PBXBuildFile; fileRef = 757D1D4119054BD79695D333 /* Rubik-Bold.ttf */; };
		319FAED5D31B4E4098271689 /* Rubik-BoldItalic.ttf in Resources */ = {isa = PBXBuildFile; fileRef = B978232E123C41D8B8F12BA2 /* Rubik-BoldItalic.ttf */; };
		A1DA865FF0E94E7989A0FAF9 /* Rubik-ExtraBold.ttf in Resources */ = {isa = PBXBuildFile; fileRef = 473CFD6613574DE3943876C7 /* Rubik-ExtraBold.ttf */; };
		8AD66A18BF9B4C36A919BDA0 /* Rubik-ExtraBoldItalic.ttf in Resources */ = {isa = PBXBuildFile; fileRef = 151C1BF6D5C042929004B70E /* Rubik-ExtraBoldItalic.ttf */; };
		DAC2474AAEB94AA4839D3CDE /* Rubik-Italic.ttf in Resources */ = {isa = PBXBuildFile; fileRef = BBC9C170DE4D4DB5B2E6C5E1 /* Rubik-Italic.ttf */; };
		7D14D583B84C497582793019 /* Rubik-Light.ttf in Resources */ = {isa = PBXBuildFile; fileRef = 7541C941EC144205A6DC7C56 /* Rubik-Light.ttf */; };
		B2AA9CE6A286456C8DD2EDF1 /* Rubik-LightItalic.ttf in Resources */ = {isa = PBXBuildFile; fileRef = D1509DE461A74C7582783F15 /* Rubik-LightItalic.ttf */; };
		5F334B448CFC42AB93C3F2FA /* Rubik-Medium.ttf in Resources */ = {isa = PBXBuildFile; fileRef = BA3639B63007438FB3DBB46F /* Rubik-Medium.ttf */; };
		0D3FDB1F22AB4F4087277FAE /* Rubik-MediumItalic.ttf in Resources */ = {isa = PBXBuildFile; fileRef = BF6981E8B83C4F59B95558E9 /* Rubik-MediumItalic.ttf */; };
		E3694326302349F5A940B1E5 /* Rubik-Regular.ttf in Resources */ = {isa = PBXBuildFile; fileRef = 6B16456C791A45558A8C78AA /* Rubik-Regular.ttf */; };
		E69065D668D041149E7069C0 /* Rubik-SemiBold.ttf in Resources */ = {isa = PBXBuildFile; fileRef = D18E6293F48E4CDF9A058C86 /* Rubik-SemiBold.ttf */; };
		FD9C668B27C44C00A2035625 /* Rubik-SemiBoldItalic.ttf in Resources */ = {isa = PBXBuildFile; fileRef = 79F325AEC39B46BE9B528FDB /* Rubik-SemiBoldItalic.ttf */; };
/* End PBXBuildFile section */

/* Begin PBXContainerItemProxy section */
		00E356F41AD99517003FC87E /* PBXContainerItemProxy */ = {
			isa = PBXContainerItemProxy;
			containerPortal = 83CBB9F71A601CBA00E9B192 /* Project object */;
			proxyType = 1;
			remoteGlobalIDString = 13B07F861A680F5B00A75B9A;
			remoteInfo = "lenvoleequestionnairev2";
		};
/* End PBXContainerItemProxy section */

/* Begin PBXFileReference section */
		00E356EE1AD99517003FC87E /* lenvoleequestionnairev2Tests.xctest */ = {isa = PBXFileReference; explicitFileType = wrapper.cfbundle; includeInIndex = 0; path = "lenvoleequestionnairev2Tests.xctest"; sourceTree = BUILT_PRODUCTS_DIR; };
		00E356F11AD99517003FC87E /* Info.plist */ = {isa = PBXFileReference; lastKnownFileType = text.plist.xml; path = Info.plist; sourceTree = "<group>"; };
		00E356F21AD99517003FC87E /* lenvoleequestionnairev2Tests.m */ = {isa = PBXFileReference; lastKnownFileType = sourcecode.c.objc; path = "lenvoleequestionnairev2Tests.m"; sourceTree = "<group>"; };
		13B07F961A680F5B00A75B9A /* lenvoleequestionnairev2.app */ = {isa = PBXFileReference; explicitFileType = wrapper.application; includeInIndex = 0; path = "lenvoleequestionnairev2.app"; sourceTree = BUILT_PRODUCTS_DIR; };
		13B07FAF1A68108700A75B9A /* AppDelegate.h */ = {isa = PBXFileReference; fileEncoding = 4; lastKnownFileType = sourcecode.c.h; name = AppDelegate.h; path = "lenvoleequestionnairev2/AppDelegate.h"; sourceTree = "<group>"; };
		13B07FB01A68108700A75B9A /* AppDelegate.mm */ = {isa = PBXFileReference; fileEncoding = 4; lastKnownFileType = sourcecode.cpp.objcpp; name = AppDelegate.mm; path = "lenvoleequestionnairev2/AppDelegate.mm"; sourceTree = "<group>"; };
		13B07FB51A68108700A75B9A /* Images.xcassets */ = {isa = PBXFileReference; lastKnownFileType = folder.assetcatalog; name = Images.xcassets; path = "lenvoleequestionnairev2/Images.xcassets"; sourceTree = "<group>"; };
		13B07FB61A68108700A75B9A /* Info.plist */ = {isa = PBXFileReference; fileEncoding = 4; lastKnownFileType = text.plist.xml; name = Info.plist; path = "lenvoleequestionnairev2/Info.plist"; sourceTree = "<group>"; };
		13B07FB71A68108700A75B9A /* main.m */ = {isa = PBXFileReference; fileEncoding = 4; lastKnownFileType = sourcecode.c.objc; name = main.m; path = "lenvoleequestionnairev2/main.m"; sourceTree = "<group>"; };
		19F6CBCC0A4E27FBF8BF4A61 /* libPods-lenvoleequestionnairev2-lenvoleequestionnairev2Tests.a */ = {isa = PBXFileReference; explicitFileType = archive.ar; includeInIndex = 0; path = "libPods-lenvoleequestionnairev2-lenvoleequestionnairev2Tests.a"; sourceTree = BUILT_PRODUCTS_DIR; };
		3B4392A12AC88292D35C810B /* Pods-lenvoleequestionnairev2.debug.xcconfig */ = {isa = PBXFileReference; includeInIndex = 1; lastKnownFileType = text.xcconfig; name = "Pods-lenvoleequestionnairev2.debug.xcconfig"; path = "Target Support Files/Pods-lenvoleequestionnairev2/Pods-lenvoleequestionnairev2.debug.xcconfig"; sourceTree = "<group>"; };
		5709B34CF0A7D63546082F79 /* Pods-lenvoleequestionnairev2.release.xcconfig */ = {isa = PBXFileReference; includeInIndex = 1; lastKnownFileType = text.xcconfig; name = "Pods-lenvoleequestionnairev2.release.xcconfig"; path = "Target Support Files/Pods-lenvoleequestionnairev2/Pods-lenvoleequestionnairev2.release.xcconfig"; sourceTree = "<group>"; };
		5B7EB9410499542E8C5724F5 /* Pods-lenvoleequestionnairev2-lenvoleequestionnairev2Tests.debug.xcconfig */ = {isa = PBXFileReference; includeInIndex = 1; lastKnownFileType = text.xcconfig; name = "Pods-lenvoleequestionnairev2-lenvoleequestionnairev2Tests.debug.xcconfig"; path = "Target Support Files/Pods-lenvoleequestionnairev2-lenvoleequestionnairev2Tests/Pods-lenvoleequestionnairev2-lenvoleequestionnairev2Tests.debug.xcconfig"; sourceTree = "<group>"; };
		5DCACB8F33CDC322A6C60F78 /* libPods-lenvoleequestionnairev2.a */ = {isa = PBXFileReference; explicitFileType = archive.ar; includeInIndex = 0; path = "libPods-lenvoleequestionnairev2.a"; sourceTree = BUILT_PRODUCTS_DIR; };
		81AB9BB72411601600AC10FF /* LaunchScreen.storyboard */ = {isa = PBXFileReference; fileEncoding = 4; lastKnownFileType = file.storyboard; name = LaunchScreen.storyboard; path = "lenvoleequestionnairev2/LaunchScreen.storyboard"; sourceTree = "<group>"; };
		89C6BE57DB24E9ADA2F236DE /* Pods-lenvoleequestionnairev2-lenvoleequestionnairev2Tests.release.xcconfig */ = {isa = PBXFileReference; includeInIndex = 1; lastKnownFileType = text.xcconfig; name = "Pods-lenvoleequestionnairev2-lenvoleequestionnairev2Tests.release.xcconfig"; path = "Target Support Files/Pods-lenvoleequestionnairev2-lenvoleequestionnairev2Tests/Pods-lenvoleequestionnairev2-lenvoleequestionnairev2Tests.release.xcconfig"; sourceTree = "<group>"; };
		ED297162215061F000B7C4FE /* JavaScriptCore.framework */ = {isa = PBXFileReference; lastKnownFileType = wrapper.framework; name = JavaScriptCore.framework; path = System/Library/Frameworks/JavaScriptCore.framework; sourceTree = SDKROOT; };
		29C6B8A1FFC24BD497D76048 /* FrankRuhlLibre-Black.ttf */ = {isa = PBXFileReference; name = "FrankRuhlLibre-Black.ttf"; path = "../assets/fonts/FrankRuhlLibre-Black.ttf"; sourceTree = "<group>"; fileEncoding = undefined; lastKnownFileType = unknown; explicitFileType = undefined; includeInIndex = 0; };
		3C4E5318B3304889B3545871 /* FrankRuhlLibre-Bold.ttf */ = {isa = PBXFileReference; name = "FrankRuhlLibre-Bold.ttf"; path = "../assets/fonts/FrankRuhlLibre-Bold.ttf"; sourceTree = "<group>"; fileEncoding = undefined; lastKnownFileType = unknown; explicitFileType = undefined; includeInIndex = 0; };
		763B59E6A4A2415FAF946E08 /* FrankRuhlLibre-ExtraBold.ttf */ = {isa = PBXFileReference; name = "FrankRuhlLibre-ExtraBold.ttf"; path = "../assets/fonts/FrankRuhlLibre-ExtraBold.ttf"; sourceTree = "<group>"; fileEncoding = undefined; lastKnownFileType = unknown; explicitFileType = undefined; includeInIndex = 0; };
		CF10B2B0A04F49E29734FAA0 /* FrankRuhlLibre-Light.ttf */ = {isa = PBXFileReference; name = "FrankRuhlLibre-Light.ttf"; path = "../assets/fonts/FrankRuhlLibre-Light.ttf"; sourceTree = "<group>"; fileEncoding = undefined; lastKnownFileType = unknown; explicitFileType = undefined; includeInIndex = 0; };
		DAFDB24C46F949ED94D06A3A /* FrankRuhlLibre-Medium.ttf */ = {isa = PBXFileReference; name = "FrankRuhlLibre-Medium.ttf"; path = "../assets/fonts/FrankRuhlLibre-Medium.ttf"; sourceTree = "<group>"; fileEncoding = undefined; lastKnownFileType = unknown; explicitFileType = undefined; includeInIndex = 0; };
		F9290F356ED548F283A11C4D /* FrankRuhlLibre-Regular.ttf */ = {isa = PBXFileReference; name = "FrankRuhlLibre-Regular.ttf"; path = "../assets/fonts/FrankRuhlLibre-Regular.ttf"; sourceTree = "<group>"; fileEncoding = undefined; lastKnownFileType = unknown; explicitFileType = undefined; includeInIndex = 0; };
		F575FCB38EC24847852CBBD9 /* FrankRuhlLibre-SemiBold.ttf */ = {isa = PBXFileReference; name = "FrankRuhlLibre-SemiBold.ttf"; path = "../assets/fonts/FrankRuhlLibre-SemiBold.ttf"; sourceTree = "<group>"; fileEncoding = undefined; lastKnownFileType = unknown; explicitFileType = undefined; includeInIndex = 0; };
		D1381826C9FE4003B34B9572 /* Inter-Black.ttf */ = {isa = PBXFileReference; name = "Inter-Black.ttf"; path = "../assets/fonts/Inter-Black.ttf"; sourceTree = "<group>"; fileEncoding = undefined; lastKnownFileType = unknown; explicitFileType = undefined; includeInIndex = 0; };
		80E86B83509747B5B6299216 /* Inter-Bold.ttf */ = {isa = PBXFileReference; name = "Inter-Bold.ttf"; path = "../assets/fonts/Inter-Bold.ttf"; sourceTree = "<group>"; fileEncoding = undefined; lastKnownFileType = unknown; explicitFileType = undefined; includeInIndex = 0; };
		F31802E377F94CEBB683E0F1 /* Inter-ExtraBold.ttf */ = {isa = PBXFileReference; name = "Inter-ExtraBold.ttf"; path = "../assets/fonts/Inter-ExtraBold.ttf"; sourceTree = "<group>"; fileEncoding = undefined; lastKnownFileType = unknown; explicitFileType = undefined; includeInIndex = 0; };
		708DCDE2F3084D519933FD0B /* Inter-ExtraLight.ttf */ = {isa = PBXFileReference; name = "Inter-ExtraLight.ttf"; path = "../assets/fonts/Inter-ExtraLight.ttf"; sourceTree = "<group>"; fileEncoding = undefined; lastKnownFileType = unknown; explicitFileType = undefined; includeInIndex = 0; };
		B2636F437847405A9C08CA97 /* Inter-Light.ttf */ = {isa = PBXFileReference; name = "Inter-Light.ttf"; path = "../assets/fonts/Inter-Light.ttf"; sourceTree = "<group>"; fileEncoding = undefined; lastKnownFileType = unknown; explicitFileType = undefined; includeInIndex = 0; };
		15F5BC1BEAEB4277B2CB4BFF /* Inter-Medium.ttf */ = {isa = PBXFileReference; name = "Inter-Medium.ttf"; path = "../assets/fonts/Inter-Medium.ttf"; sourceTree = "<group>"; fileEncoding = undefined; lastKnownFileType = unknown; explicitFileType = undefined; includeInIndex = 0; };
		A0DCD385166244D38897FCD9 /* Inter-Regular.ttf */ = {isa = PBXFileReference; name = "Inter-Regular.ttf"; path = "../assets/fonts/Inter-Regular.ttf"; sourceTree = "<group>"; fileEncoding = undefined; lastKnownFileType = unknown; explicitFileType = undefined; includeInIndex = 0; };
		64A1C14B8FC64F04A7869C22 /* Inter-SemiBold.ttf */ = {isa = PBXFileReference; name = "Inter-SemiBold.ttf"; path = "../assets/fonts/Inter-SemiBold.ttf"; sourceTree = "<group>"; fileEncoding = undefined; lastKnownFileType = unknown; explicitFileType = undefined; includeInIndex = 0; };
		3D3481F5DC014529BFCED08D /* Inter-Thin.ttf */ = {isa = PBXFileReference; name = "Inter-Thin.ttf"; path = "../assets/fonts/Inter-Thin.ttf"; sourceTree = "<group>"; fileEncoding = undefined; lastKnownFileType = unknown; explicitFileType = undefined; includeInIndex = 0; };
		1158FAEBAA5B4372B9DFA1D3 /* Roboto-Black.ttf */ = {isa = PBXFileReference; name = "Roboto-Black.ttf"; path = "../assets/fonts/Roboto-Black.ttf"; sourceTree = "<group>"; fileEncoding = undefined; lastKnownFileType = unknown; explicitFileType = undefined; includeInIndex = 0; };
		C65ACD814E97420B9A0BAA25 /* Roboto-BlackItalic.ttf */ = {isa = PBXFileReference; name = "Roboto-BlackItalic.ttf"; path = "../assets/fonts/Roboto-BlackItalic.ttf"; sourceTree = "<group>"; fileEncoding = undefined; lastKnownFileType = unknown; explicitFileType = undefined; includeInIndex = 0; };
		00C3C35E2B374B069BAB1643 /* Roboto-Bold.ttf */ = {isa = PBXFileReference; name = "Roboto-Bold.ttf"; path = "../assets/fonts/Roboto-Bold.ttf"; sourceTree = "<group>"; fileEncoding = undefined; lastKnownFileType = unknown; explicitFileType = undefined; includeInIndex = 0; };
		FE07D3683BCF4A8599BADBDE /* Roboto-BoldItalic.ttf */ = {isa = PBXFileReference; name = "Roboto-BoldItalic.ttf"; path = "../assets/fonts/Roboto-BoldItalic.ttf"; sourceTree = "<group>"; fileEncoding = undefined; lastKnownFileType = unknown; explicitFileType = undefined; includeInIndex = 0; };
		58FAAD036ECC4445870708B2 /* Roboto-Italic.ttf */ = {isa = PBXFileReference; name = "Roboto-Italic.ttf"; path = "../assets/fonts/Roboto-Italic.ttf"; sourceTree = "<group>"; fileEncoding = undefined; lastKnownFileType = unknown; explicitFileType = undefined; includeInIndex = 0; };
		163F4150404C400B995DCD8A /* Roboto-Light.ttf */ = {isa = PBXFileReference; name = "Roboto-Light.ttf"; path = "../assets/fonts/Roboto-Light.ttf"; sourceTree = "<group>"; fileEncoding = undefined; lastKnownFileType = unknown; explicitFileType = undefined; includeInIndex = 0; };
		004F118E712E4173988BDD5B /* Roboto-LightItalic.ttf */ = {isa = PBXFileReference; name = "Roboto-LightItalic.ttf"; path = "../assets/fonts/Roboto-LightItalic.ttf"; sourceTree = "<group>"; fileEncoding = undefined; lastKnownFileType = unknown; explicitFileType = undefined; includeInIndex = 0; };
		616E759D9C4C41C99514E557 /* Roboto-Medium.ttf */ = {isa = PBXFileReference; name = "Roboto-Medium.ttf"; path = "../assets/fonts/Roboto-Medium.ttf"; sourceTree = "<group>"; fileEncoding = undefined; lastKnownFileType = unknown; explicitFileType = undefined; includeInIndex = 0; };
		4DCF114CD2174B749E98FB74 /* Roboto-MediumItalic.ttf */ = {isa = PBXFileReference; name = "Roboto-MediumItalic.ttf"; path = "../assets/fonts/Roboto-MediumItalic.ttf"; sourceTree = "<group>"; fileEncoding = undefined; lastKnownFileType = unknown; explicitFileType = undefined; includeInIndex = 0; };
		DBC89650CB9144D79DE068F9 /* Roboto-Regular.ttf */ = {isa = PBXFileReference; name = "Roboto-Regular.ttf"; path = "../assets/fonts/Roboto-Regular.ttf"; sourceTree = "<group>"; fileEncoding = undefined; lastKnownFileType = unknown; explicitFileType = undefined; includeInIndex = 0; };
		B87140E69C4948F19ADAA58C /* Roboto-Thin.ttf */ = {isa = PBXFileReference; name = "Roboto-Thin.ttf"; path = "../assets/fonts/Roboto-Thin.ttf"; sourceTree = "<group>"; fileEncoding = undefined; lastKnownFileType = unknown; explicitFileType = undefined; includeInIndex = 0; };
		9F94BBC68D494CA3BED5D79E /* Roboto-ThinItalic.ttf */ = {isa = PBXFileReference; name = "Roboto-ThinItalic.ttf"; path = "../assets/fonts/Roboto-ThinItalic.ttf"; sourceTree = "<group>"; fileEncoding = undefined; lastKnownFileType = unknown; explicitFileType = undefined; includeInIndex = 0; };
		B5BCBDB62EA940A0983F6440 /* Rubik-Black.ttf */ = {isa = PBXFileReference; name = "Rubik-Black.ttf"; path = "../assets/fonts/Rubik-Black.ttf"; sourceTree = "<group>"; fileEncoding = undefined; lastKnownFileType = unknown; explicitFileType = undefined; includeInIndex = 0; };
		0550B8B7416041D3A9AE95DB /* Rubik-BlackItalic.ttf */ = {isa = PBXFileReference; name = "Rubik-BlackItalic.ttf"; path = "../assets/fonts/Rubik-BlackItalic.ttf"; sourceTree = "<group>"; fileEncoding = undefined; lastKnownFileType = unknown; explicitFileType = undefined; includeInIndex = 0; };
		757D1D4119054BD79695D333 /* Rubik-Bold.ttf */ = {isa = PBXFileReference; name = "Rubik-Bold.ttf"; path = "../assets/fonts/Rubik-Bold.ttf"; sourceTree = "<group>"; fileEncoding = undefined; lastKnownFileType = unknown; explicitFileType = undefined; includeInIndex = 0; };
		B978232E123C41D8B8F12BA2 /* Rubik-BoldItalic.ttf */ = {isa = PBXFileReference; name = "Rubik-BoldItalic.ttf"; path = "../assets/fonts/Rubik-BoldItalic.ttf"; sourceTree = "<group>"; fileEncoding = undefined; lastKnownFileType = unknown; explicitFileType = undefined; includeInIndex = 0; };
		473CFD6613574DE3943876C7 /* Rubik-ExtraBold.ttf */ = {isa = PBXFileReference; name = "Rubik-ExtraBold.ttf"; path = "../assets/fonts/Rubik-ExtraBold.ttf"; sourceTree = "<group>"; fileEncoding = undefined; lastKnownFileType = unknown; explicitFileType = undefined; includeInIndex = 0; };
		151C1BF6D5C042929004B70E /* Rubik-ExtraBoldItalic.ttf */ = {isa = PBXFileReference; name = "Rubik-ExtraBoldItalic.ttf"; path = "../assets/fonts/Rubik-ExtraBoldItalic.ttf"; sourceTree = "<group>"; fileEncoding = undefined; lastKnownFileType = unknown; explicitFileType = undefined; includeInIndex = 0; };
		BBC9C170DE4D4DB5B2E6C5E1 /* Rubik-Italic.ttf */ = {isa = PBXFileReference; name = "Rubik-Italic.ttf"; path = "../assets/fonts/Rubik-Italic.ttf"; sourceTree = "<group>"; fileEncoding = undefined; lastKnownFileType = unknown; explicitFileType = undefined; includeInIndex = 0; };
		7541C941EC144205A6DC7C56 /* Rubik-Light.ttf */ = {isa = PBXFileReference; name = "Rubik-Light.ttf"; path = "../assets/fonts/Rubik-Light.ttf"; sourceTree = "<group>"; fileEncoding = undefined; lastKnownFileType = unknown; explicitFileType = undefined; includeInIndex = 0; };
		D1509DE461A74C7582783F15 /* Rubik-LightItalic.ttf */ = {isa = PBXFileReference; name = "Rubik-LightItalic.ttf"; path = "../assets/fonts/Rubik-LightItalic.ttf"; sourceTree = "<group>"; fileEncoding = undefined; lastKnownFileType = unknown; explicitFileType = undefined; includeInIndex = 0; };
		BA3639B63007438FB3DBB46F /* Rubik-Medium.ttf */ = {isa = PBXFileReference; name = "Rubik-Medium.ttf"; path = "../assets/fonts/Rubik-Medium.ttf"; sourceTree = "<group>"; fileEncoding = undefined; lastKnownFileType = unknown; explicitFileType = undefined; includeInIndex = 0; };
		BF6981E8B83C4F59B95558E9 /* Rubik-MediumItalic.ttf */ = {isa = PBXFileReference; name = "Rubik-MediumItalic.ttf"; path = "../assets/fonts/Rubik-MediumItalic.ttf"; sourceTree = "<group>"; fileEncoding = undefined; lastKnownFileType = unknown; explicitFileType = undefined; includeInIndex = 0; };
		6B16456C791A45558A8C78AA /* Rubik-Regular.ttf */ = {isa = PBXFileReference; name = "Rubik-Regular.ttf"; path = "../assets/fonts/Rubik-Regular.ttf"; sourceTree = "<group>"; fileEncoding = undefined; lastKnownFileType = unknown; explicitFileType = undefined; includeInIndex = 0; };
		D18E6293F48E4CDF9A058C86 /* Rubik-SemiBold.ttf */ = {isa = PBXFileReference; name = "Rubik-SemiBold.ttf"; path = "../assets/fonts/Rubik-SemiBold.ttf"; sourceTree = "<group>"; fileEncoding = undefined; lastKnownFileType = unknown; explicitFileType = undefined; includeInIndex = 0; };
		79F325AEC39B46BE9B528FDB /* Rubik-SemiBoldItalic.ttf */ = {isa = PBXFileReference; name = "Rubik-SemiBoldItalic.ttf"; path = "../assets/fonts/Rubik-SemiBoldItalic.ttf"; sourceTree = "<group>"; fileEncoding = undefined; lastKnownFileType = unknown; explicitFileType = undefined; includeInIndex = 0; };
/* End PBXFileReference section */

/* Begin PBXFrameworksBuildPhase section */
		00E356EB1AD99517003FC87E /* Frameworks */ = {
			isa = PBXFrameworksBuildPhase;
			buildActionMask = 2147483647;
			files = (
				7699B88040F8A987B510C191 /* libPods-lenvoleequestionnairev2-lenvoleequestionnairev2Tests.a in Frameworks */,
			);
			runOnlyForDeploymentPostprocessing = 0;
		};
		13B07F8C1A680F5B00A75B9A /* Frameworks */ = {
			isa = PBXFrameworksBuildPhase;
			buildActionMask = 2147483647;
			files = (
				0C80B921A6F3F58F76C31292 /* libPods-lenvoleequestionnairev2.a in Frameworks */,
			);
			runOnlyForDeploymentPostprocessing = 0;
		};
/* End PBXFrameworksBuildPhase section */

/* Begin PBXGroup section */
		00E356EF1AD99517003FC87E /* lenvoleequestionnairev2Tests */ = {
			isa = PBXGroup;
			children = (
				00E356F21AD99517003FC87E /* lenvoleequestionnairev2Tests.m */,
				00E356F01AD99517003FC87E /* Supporting Files */,
			);
			path = "lenvoleequestionnairev2Tests";
			sourceTree = "<group>";
		};
		00E356F01AD99517003FC87E /* Supporting Files */ = {
			isa = PBXGroup;
			children = (
				00E356F11AD99517003FC87E /* Info.plist */,
			);
			name = "Supporting Files";
			sourceTree = "<group>";
		};
		13B07FAE1A68108700A75B9A /* lenvoleequestionnairev2 */ = {
			isa = PBXGroup;
			children = (
				13B07FAF1A68108700A75B9A /* AppDelegate.h */,
				13B07FB01A68108700A75B9A /* AppDelegate.mm */,
				13B07FB51A68108700A75B9A /* Images.xcassets */,
				13B07FB61A68108700A75B9A /* Info.plist */,
				81AB9BB72411601600AC10FF /* LaunchScreen.storyboard */,
				13B07FB71A68108700A75B9A /* main.m */,
			);
			name = "lenvoleequestionnairev2";
			sourceTree = "<group>";
		};
		2D16E6871FA4F8E400B85C8A /* Frameworks */ = {
			isa = PBXGroup;
			children = (
				ED297162215061F000B7C4FE /* JavaScriptCore.framework */,
				5DCACB8F33CDC322A6C60F78 /* libPods-lenvoleequestionnairev2.a */,
				19F6CBCC0A4E27FBF8BF4A61 /* libPods-lenvoleequestionnairev2-lenvoleequestionnairev2Tests.a */,
			);
			name = Frameworks;
			sourceTree = "<group>";
		};
		832341AE1AAA6A7D00B99B32 /* Libraries */ = {
			isa = PBXGroup;
			children = (
			);
			name = Libraries;
			sourceTree = "<group>";
		};
		83CBB9F61A601CBA00E9B192 = {
			isa = PBXGroup;
			children = (
				13B07FAE1A68108700A75B9A /* lenvoleequestionnairev2 */,
				832341AE1AAA6A7D00B99B32 /* Libraries */,
				00E356EF1AD99517003FC87E /* lenvoleequestionnairev2Tests */,
				83CBBA001A601CBA00E9B192 /* Products */,
				2D16E6871FA4F8E400B85C8A /* Frameworks */,
				BBD78D7AC51CEA395F1C20DB /* Pods */,
				FC986314B3A84ACCA71FFC6C /* Resources */,
			);
			indentWidth = 2;
			sourceTree = "<group>";
			tabWidth = 2;
			usesTabs = 0;
		};
		83CBBA001A601CBA00E9B192 /* Products */ = {
			isa = PBXGroup;
			children = (
				13B07F961A680F5B00A75B9A /* lenvoleequestionnairev2.app */,
				00E356EE1AD99517003FC87E /* lenvoleequestionnairev2Tests.xctest */,
			);
			name = Products;
			sourceTree = "<group>";
		};
		BBD78D7AC51CEA395F1C20DB /* Pods */ = {
			isa = PBXGroup;
			children = (
				3B4392A12AC88292D35C810B /* Pods-lenvoleequestionnairev2.debug.xcconfig */,
				5709B34CF0A7D63546082F79 /* Pods-lenvoleequestionnairev2.release.xcconfig */,
				5B7EB9410499542E8C5724F5 /* Pods-lenvoleequestionnairev2-lenvoleequestionnairev2Tests.debug.xcconfig */,
				89C6BE57DB24E9ADA2F236DE /* Pods-lenvoleequestionnairev2-lenvoleequestionnairev2Tests.release.xcconfig */,
			);
			path = Pods;
			sourceTree = "<group>";
		};
		FC986314B3A84ACCA71FFC6C /* Resources */ = {
			isa = "PBXGroup";
			children = (
				29C6B8A1FFC24BD497D76048 /* FrankRuhlLibre-Black.ttf */,
				3C4E5318B3304889B3545871 /* FrankRuhlLibre-Bold.ttf */,
				763B59E6A4A2415FAF946E08 /* FrankRuhlLibre-ExtraBold.ttf */,
				CF10B2B0A04F49E29734FAA0 /* FrankRuhlLibre-Light.ttf */,
				DAFDB24C46F949ED94D06A3A /* FrankRuhlLibre-Medium.ttf */,
				F9290F356ED548F283A11C4D /* FrankRuhlLibre-Regular.ttf */,
				F575FCB38EC24847852CBBD9 /* FrankRuhlLibre-SemiBold.ttf */,
				D1381826C9FE4003B34B9572 /* Inter-Black.ttf */,
				80E86B83509747B5B6299216 /* Inter-Bold.ttf */,
				F31802E377F94CEBB683E0F1 /* Inter-ExtraBold.ttf */,
				708DCDE2F3084D519933FD0B /* Inter-ExtraLight.ttf */,
				B2636F437847405A9C08CA97 /* Inter-Light.ttf */,
				15F5BC1BEAEB4277B2CB4BFF /* Inter-Medium.ttf */,
				A0DCD385166244D38897FCD9 /* Inter-Regular.ttf */,
				64A1C14B8FC64F04A7869C22 /* Inter-SemiBold.ttf */,
				3D3481F5DC014529BFCED08D /* Inter-Thin.ttf */,
				1158FAEBAA5B4372B9DFA1D3 /* Roboto-Black.ttf */,
				C65ACD814E97420B9A0BAA25 /* Roboto-BlackItalic.ttf */,
				00C3C35E2B374B069BAB1643 /* Roboto-Bold.ttf */,
				FE07D3683BCF4A8599BADBDE /* Roboto-BoldItalic.ttf */,
				58FAAD036ECC4445870708B2 /* Roboto-Italic.ttf */,
				163F4150404C400B995DCD8A /* Roboto-Light.ttf */,
				004F118E712E4173988BDD5B /* Roboto-LightItalic.ttf */,
				616E759D9C4C41C99514E557 /* Roboto-Medium.ttf */,
				4DCF114CD2174B749E98FB74 /* Roboto-MediumItalic.ttf */,
				DBC89650CB9144D79DE068F9 /* Roboto-Regular.ttf */,
				B87140E69C4948F19ADAA58C /* Roboto-Thin.ttf */,
				9F94BBC68D494CA3BED5D79E /* Roboto-ThinItalic.ttf */,
				B5BCBDB62EA940A0983F6440 /* Rubik-Black.ttf */,
				0550B8B7416041D3A9AE95DB /* Rubik-BlackItalic.ttf */,
				757D1D4119054BD79695D333 /* Rubik-Bold.ttf */,
				B978232E123C41D8B8F12BA2 /* Rubik-BoldItalic.ttf */,
				473CFD6613574DE3943876C7 /* Rubik-ExtraBold.ttf */,
				151C1BF6D5C042929004B70E /* Rubik-ExtraBoldItalic.ttf */,
				BBC9C170DE4D4DB5B2E6C5E1 /* Rubik-Italic.ttf */,
				7541C941EC144205A6DC7C56 /* Rubik-Light.ttf */,
				D1509DE461A74C7582783F15 /* Rubik-LightItalic.ttf */,
				BA3639B63007438FB3DBB46F /* Rubik-Medium.ttf */,
				BF6981E8B83C4F59B95558E9 /* Rubik-MediumItalic.ttf */,
				6B16456C791A45558A8C78AA /* Rubik-Regular.ttf */,
				D18E6293F48E4CDF9A058C86 /* Rubik-SemiBold.ttf */,
				79F325AEC39B46BE9B528FDB /* Rubik-SemiBoldItalic.ttf */,
			);
			name = Resources;
			sourceTree = "<group>";
			path = "";
		};
/* End PBXGroup section */

/* Begin PBXNativeTarget section */
		00E356ED1AD99517003FC87E /* lenvoleequestionnairev2Tests */ = {
			isa = PBXNativeTarget;
			buildConfigurationList = 00E357021AD99517003FC87E /* Build configuration list for PBXNativeTarget "lenvoleequestionnairev2Tests" */;
			buildPhases = (
				A55EABD7B0C7F3A422A6CC61 /* [CP] Check Pods Manifest.lock */,
				00E356EA1AD99517003FC87E /* Sources */,
				00E356EB1AD99517003FC87E /* Frameworks */,
				00E356EC1AD99517003FC87E /* Resources */,
				C59DA0FBD6956966B86A3779 /* [CP] Embed Pods Frameworks */,
				F6A41C54EA430FDDC6A6ED99 /* [CP] Copy Pods Resources */,
			);
			buildRules = (
			);
			dependencies = (
				00E356F51AD99517003FC87E /* PBXTargetDependency */,
			);
			name = lenvoleequestionnairev2Tests;
			productName = lenvoleequestionnairev2Tests;
			productReference = 00E356EE1AD99517003FC87E /* lenvoleequestionnairev2Tests.xctest */;
			productType = "com.apple.product-type.bundle.unit-test";
		};
		13B07F861A680F5B00A75B9A /* lenvoleequestionnairev2 */ = {
			isa = PBXNativeTarget;
			buildConfigurationList = 13B07F931A680F5B00A75B9A /* Build configuration list for PBXNativeTarget "lenvoleequestionnairev2" */;
			buildPhases = (
				C38B50BA6285516D6DCD4F65 /* [CP] Check Pods Manifest.lock */,
				FD10A7F022414F080027D42C /* Start Packager */,
				13B07F871A680F5B00A75B9A /* Sources */,
				13B07F8C1A680F5B00A75B9A /* Frameworks */,
				13B07F8E1A680F5B00A75B9A /* Resources */,
				00DD1BFF1BD5951E006B06BC /* Bundle React Native code and images */,
				00EEFC60759A1932668264C0 /* [CP] Embed Pods Frameworks */,
				E235C05ADACE081382539298 /* [CP] Copy Pods Resources */,
			);
			buildRules = (
			);
			dependencies = (
			);
			name = "lenvoleequestionnairev2";
			productName = "lenvoleequestionnairev2";
			productReference = 13B07F961A680F5B00A75B9A /* lenvoleequestionnairev2.app */;
			productType = "com.apple.product-type.application";
		};
/* End PBXNativeTarget section */

/* Begin PBXProject section */
		83CBB9F71A601CBA00E9B192 /* Project object */ = {
			isa = PBXProject;
			attributes = {
				LastUpgradeCheck = 1210;
				TargetAttributes = {
					00E356ED1AD99517003FC87E = {
						CreatedOnToolsVersion = 6.2;
						TestTargetID = 13B07F861A680F5B00A75B9A;
					};
					13B07F861A680F5B00A75B9A = {
						LastSwiftMigration = 1120;
					};
				};
			};
			buildConfigurationList = 83CBB9FA1A601CBA00E9B192 /* Build configuration list for PBXProject "lenvoleequestionnairev2" */;
			compatibilityVersion = "Xcode 12.0";
			developmentRegion = en;
			hasScannedForEncodings = 0;
			knownRegions = (
				en,
				Base,
			);
			mainGroup = 83CBB9F61A601CBA00E9B192;
			productRefGroup = 83CBBA001A601CBA00E9B192 /* Products */;
			projectDirPath = "";
			projectRoot = "";
			targets = (
				13B07F861A680F5B00A75B9A /* lenvoleequestionnairev2 */,
				00E356ED1AD99517003FC87E /* lenvoleequestionnairev2Tests */,
			);
		};
/* End PBXProject section */

/* Begin PBXResourcesBuildPhase section */
		00E356EC1AD99517003FC87E /* Resources */ = {
			isa = PBXResourcesBuildPhase;
			buildActionMask = 2147483647;
			files = (
			);
			runOnlyForDeploymentPostprocessing = 0;
		};
		13B07F8E1A680F5B00A75B9A /* Resources */ = {
			isa = PBXResourcesBuildPhase;
			buildActionMask = 2147483647;
			files = (
				81AB9BB82411601600AC10FF /* LaunchScreen.storyboard in Resources */,
				13B07FBF1A68108700A75B9A /* Images.xcassets in Resources */,
				BD52F92F9C974FC48B53940F /* FrankRuhlLibre-Black.ttf in Resources */,
				9D99E781E4B045B4B2CE65B3 /* FrankRuhlLibre-Bold.ttf in Resources */,
				2CD97BD7D23D4356AD2D8F76 /* FrankRuhlLibre-ExtraBold.ttf in Resources */,
				70FAD0DFAF854E75AEF58061 /* FrankRuhlLibre-Light.ttf in Resources */,
				7D0E79EC753046F79132E830 /* FrankRuhlLibre-Medium.ttf in Resources */,
				D9CE2AA12CFE4F3195D071DB /* FrankRuhlLibre-Regular.ttf in Resources */,
				7E77291BB60E441F85145552 /* FrankRuhlLibre-SemiBold.ttf in Resources */,
				866C7D83E0094DCA8CD13AC2 /* Inter-Black.ttf in Resources */,
				2DEEE574F71D464A99B74B43 /* Inter-Bold.ttf in Resources */,
				366D87CF1A234EA29B8354EF /* Inter-ExtraBold.ttf in Resources */,
				BB2F70F4A4E440DEAEF127A6 /* Inter-ExtraLight.ttf in Resources */,
				3C1E94B2798744B8AD3F8121 /* Inter-Light.ttf in Resources */,
				0360D4DE3B824F5BAF0AB9C7 /* Inter-Medium.ttf in Resources */,
				B3E3004BF0654DE5A73306ED /* Inter-Regular.ttf in Resources */,
				76E2C595CBD44A04BCA4EBE7 /* Inter-SemiBold.ttf in Resources */,
				3AB4D4264C2D40AD83D74851 /* Inter-Thin.ttf in Resources */,
				B6092495314F436BBE3B5EA8 /* Roboto-Black.ttf in Resources */,
				FCA2977CEE6642AE936C9F88 /* Roboto-BlackItalic.ttf in Resources */,
				3DCFFA429EE7414194B07A0C /* Roboto-Bold.ttf in Resources */,
				74ADC000AC974D57A406773C /* Roboto-BoldItalic.ttf in Resources */,
				366CCADF119848D8985CB3B0 /* Roboto-Italic.ttf in Resources */,
				6759209DA79E43E78AE05137 /* Roboto-Light.ttf in Resources */,
				91BC3AB0CB61447D998020B0 /* Roboto-LightItalic.ttf in Resources */,
				62950016E61747BCA37C1091 /* Roboto-Medium.ttf in Resources */,
				690EF75ACF214AA3A75D1957 /* Roboto-MediumItalic.ttf in Resources */,
				2AA08E8D476A4068800B625A /* Roboto-Regular.ttf in Resources */,
				264EA3C7DDC542AFADB68F0F /* Roboto-Thin.ttf in Resources */,
				BFC0EFBE54A04A91A145E432 /* Roboto-ThinItalic.ttf in Resources */,
				BBBDE95880834CA39744DF33 /* Rubik-Black.ttf in Resources */,
				FA499CB5865A4B44A8EB68EC /* Rubik-BlackItalic.ttf in Resources */,
				216C636AB1DA49DDA381368C /* Rubik-Bold.ttf in Resources */,
				319FAED5D31B4E4098271689 /* Rubik-BoldItalic.ttf in Resources */,
				A1DA865FF0E94E7989A0FAF9 /* Rubik-ExtraBold.ttf in Resources */,
				8AD66A18BF9B4C36A919BDA0 /* Rubik-ExtraBoldItalic.ttf in Resources */,
				DAC2474AAEB94AA4839D3CDE /* Rubik-Italic.ttf in Resources */,
				7D14D583B84C497582793019 /* Rubik-Light.ttf in Resources */,
				B2AA9CE6A286456C8DD2EDF1 /* Rubik-LightItalic.ttf in Resources */,
				5F334B448CFC42AB93C3F2FA /* Rubik-Medium.ttf in Resources */,
				0D3FDB1F22AB4F4087277FAE /* Rubik-MediumItalic.ttf in Resources */,
				E3694326302349F5A940B1E5 /* Rubik-Regular.ttf in Resources */,
				E69065D668D041149E7069C0 /* Rubik-SemiBold.ttf in Resources */,
				FD9C668B27C44C00A2035625 /* Rubik-SemiBoldItalic.ttf in Resources */,
			);
			runOnlyForDeploymentPostprocessing = 0;
		};
/* End PBXResourcesBuildPhase section */

/* Begin PBXShellScriptBuildPhase section */
		00DD1BFF1BD5951E006B06BC /* Bundle React Native code and images */ = {
			isa = PBXShellScriptBuildPhase;
			buildActionMask = 2147483647;
			files = (
			);
			inputPaths = (
				"$(SRCROOT)/.xcode.env.local",
				"$(SRCROOT)/.xcode.env",
			);
			name = "Bundle React Native code and images";
			outputPaths = (
			);
			runOnlyForDeploymentPostprocessing = 0;
			shellPath = /bin/sh;
			shellScript = "set -e\n\nWITH_ENVIRONMENT=\"../node_modules/react-native/scripts/xcode/with-environment.sh\"\nREACT_NATIVE_XCODE=\"../node_modules/react-native/scripts/react-native-xcode.sh\"\n\n/bin/sh -c \"$WITH_ENVIRONMENT $REACT_NATIVE_XCODE\"\n";
		};
		00EEFC60759A1932668264C0 /* [CP] Embed Pods Frameworks */ = {
			isa = PBXShellScriptBuildPhase;
			buildActionMask = 2147483647;
			files = (
			);
			inputFileListPaths = (
				"${PODS_ROOT}/Target Support Files/Pods-lenvoleequestionnairev2/Pods-lenvoleequestionnairev2-frameworks-${CONFIGURATION}-input-files.xcfilelist",
			);
			name = "[CP] Embed Pods Frameworks";
			outputFileListPaths = (
				"${PODS_ROOT}/Target Support Files/Pods-lenvoleequestionnairev2/Pods-lenvoleequestionnairev2-frameworks-${CONFIGURATION}-output-files.xcfilelist",
			);
			runOnlyForDeploymentPostprocessing = 0;
			shellPath = /bin/sh;
			shellScript = "\"${PODS_ROOT}/Target Support Files/Pods-lenvoleequestionnairev2/Pods-lenvoleequestionnairev2-frameworks.sh\"\n";
			showEnvVarsInLog = 0;
		};
		A55EABD7B0C7F3A422A6CC61 /* [CP] Check Pods Manifest.lock */ = {
			isa = PBXShellScriptBuildPhase;
			buildActionMask = 2147483647;
			files = (
			);
			inputFileListPaths = (
			);
			inputPaths = (
				"${PODS_PODFILE_DIR_PATH}/Podfile.lock",
				"${PODS_ROOT}/Manifest.lock",
			);
			name = "[CP] Check Pods Manifest.lock";
			outputFileListPaths = (
			);
			outputPaths = (
				"$(DERIVED_FILE_DIR)/Pods-lenvoleequestionnairev2-lenvoleequestionnairev2Tests-checkManifestLockResult.txt",
			);
			runOnlyForDeploymentPostprocessing = 0;
			shellPath = /bin/sh;
			shellScript = "diff \"${PODS_PODFILE_DIR_PATH}/Podfile.lock\" \"${PODS_ROOT}/Manifest.lock\" > /dev/null\nif [ $? != 0 ] ; then\n    # print error to STDERR\n    echo \"error: The sandbox is not in sync with the Podfile.lock. Run 'pod install' or update your CocoaPods installation.\" >&2\n    exit 1\nfi\n# This output is used by Xcode 'outputs' to avoid re-running this script phase.\necho \"SUCCESS\" > \"${SCRIPT_OUTPUT_FILE_0}\"\n";
			showEnvVarsInLog = 0;
		};
		C38B50BA6285516D6DCD4F65 /* [CP] Check Pods Manifest.lock */ = {
			isa = PBXShellScriptBuildPhase;
			buildActionMask = 2147483647;
			files = (
			);
			inputFileListPaths = (
			);
			inputPaths = (
				"${PODS_PODFILE_DIR_PATH}/Podfile.lock",
				"${PODS_ROOT}/Manifest.lock",
			);
			name = "[CP] Check Pods Manifest.lock";
			outputFileListPaths = (
			);
			outputPaths = (
				"$(DERIVED_FILE_DIR)/Pods-lenvoleequestionnairev2-checkManifestLockResult.txt",
			);
			runOnlyForDeploymentPostprocessing = 0;
			shellPath = /bin/sh;
			shellScript = "diff \"${PODS_PODFILE_DIR_PATH}/Podfile.lock\" \"${PODS_ROOT}/Manifest.lock\" > /dev/null\nif [ $? != 0 ] ; then\n    # print error to STDERR\n    echo \"error: The sandbox is not in sync with the Podfile.lock. Run 'pod install' or update your CocoaPods installation.\" >&2\n    exit 1\nfi\n# This output is used by Xcode 'outputs' to avoid re-running this script phase.\necho \"SUCCESS\" > \"${SCRIPT_OUTPUT_FILE_0}\"\n";
			showEnvVarsInLog = 0;
		};
		C59DA0FBD6956966B86A3779 /* [CP] Embed Pods Frameworks */ = {
			isa = PBXShellScriptBuildPhase;
			buildActionMask = 2147483647;
			files = (
			);
			inputFileListPaths = (
				"${PODS_ROOT}/Target Support Files/Pods-lenvoleequestionnairev2-lenvoleequestionnairev2Tests/Pods-lenvoleequestionnairev2-lenvoleequestionnairev2Tests-frameworks-${CONFIGURATION}-input-files.xcfilelist",
			);
			name = "[CP] Embed Pods Frameworks";
			outputFileListPaths = (
				"${PODS_ROOT}/Target Support Files/Pods-lenvoleequestionnairev2-lenvoleequestionnairev2Tests/Pods-lenvoleequestionnairev2-lenvoleequestionnairev2Tests-frameworks-${CONFIGURATION}-output-files.xcfilelist",
			);
			runOnlyForDeploymentPostprocessing = 0;
			shellPath = /bin/sh;
			shellScript = "\"${PODS_ROOT}/Target Support Files/Pods-lenvoleequestionnairev2-lenvoleequestionnairev2Tests/Pods-lenvoleequestionnairev2-lenvoleequestionnairev2Tests-frameworks.sh\"\n";
			showEnvVarsInLog = 0;
		};
		E235C05ADACE081382539298 /* [CP] Copy Pods Resources */ = {
			isa = PBXShellScriptBuildPhase;
			buildActionMask = 2147483647;
			files = (
			);
			inputFileListPaths = (
				"${PODS_ROOT}/Target Support Files/Pods-lenvoleequestionnairev2/Pods-lenvoleequestionnairev2-resources-${CONFIGURATION}-input-files.xcfilelist",
			);
			name = "[CP] Copy Pods Resources";
			outputFileListPaths = (
				"${PODS_ROOT}/Target Support Files/Pods-lenvoleequestionnairev2/Pods-lenvoleequestionnairev2-resources-${CONFIGURATION}-output-files.xcfilelist",
			);
			runOnlyForDeploymentPostprocessing = 0;
			shellPath = /bin/sh;
			shellScript = "\"${PODS_ROOT}/Target Support Files/Pods-lenvoleequestionnairev2/Pods-lenvoleequestionnairev2-resources.sh\"\n";
			showEnvVarsInLog = 0;
		};
		F6A41C54EA430FDDC6A6ED99 /* [CP] Copy Pods Resources */ = {
			isa = PBXShellScriptBuildPhase;
			buildActionMask = 2147483647;
			files = (
			);
			inputFileListPaths = (
				"${PODS_ROOT}/Target Support Files/Pods-lenvoleequestionnairev2-lenvoleequestionnairev2Tests/Pods-lenvoleequestionnairev2-lenvoleequestionnairev2Tests-resources-${CONFIGURATION}-input-files.xcfilelist",
			);
			name = "[CP] Copy Pods Resources";
			outputFileListPaths = (
				"${PODS_ROOT}/Target Support Files/Pods-lenvoleequestionnairev2-lenvoleequestionnairev2Tests/Pods-lenvoleequestionnairev2-lenvoleequestionnairev2Tests-resources-${CONFIGURATION}-output-files.xcfilelist",
			);
			runOnlyForDeploymentPostprocessing = 0;
			shellPath = /bin/sh;
			shellScript = "\"${PODS_ROOT}/Target Support Files/Pods-lenvoleequestionnairev2-lenvoleequestionnairev2Tests/Pods-lenvoleequestionnairev2-lenvoleequestionnairev2Tests-resources.sh\"\n";
			showEnvVarsInLog = 0;
		};
		FD10A7F022414F080027D42C /* Start Packager */ = {
			isa = PBXShellScriptBuildPhase;
			buildActionMask = 2147483647;
			files = (
			);
			inputFileListPaths = (
			);
			inputPaths = (
			);
			name = "Start Packager";
			outputFileListPaths = (
			);
			outputPaths = (
			);
			runOnlyForDeploymentPostprocessing = 0;
			shellPath = /bin/sh;
			shellScript = "export RCT_METRO_PORT=\"${RCT_METRO_PORT:=8081}\"\necho \"export RCT_METRO_PORT=${RCT_METRO_PORT}\" > \"${SRCROOT}/../node_modules/react-native/scripts/.packager.env\"\nif [ -z \"${RCT_NO_LAUNCH_PACKAGER+xxx}\" ] ; then\n  if nc -w 5 -z localhost ${RCT_METRO_PORT} ; then\n    if ! curl -s \"http://localhost:${RCT_METRO_PORT}/status\" | grep -q \"packager-status:running\" ; then\n      echo \"Port ${RCT_METRO_PORT} already in use, packager is either not running or not running correctly\"\n      exit 2\n    fi\n  else\n    open \"$SRCROOT/../node_modules/react-native/scripts/launchPackager.command\" || echo \"Can't start packager automatically\"\n  fi\nfi\n";
			showEnvVarsInLog = 0;
		};
/* End PBXShellScriptBuildPhase section */

/* Begin PBXSourcesBuildPhase section */
		00E356EA1AD99517003FC87E /* Sources */ = {
			isa = PBXSourcesBuildPhase;
			buildActionMask = 2147483647;
			files = (
				00E356F31AD99517003FC87E /* lenvoleequestionnairev2Tests.m in Sources */,
			);
			runOnlyForDeploymentPostprocessing = 0;
		};
		13B07F871A680F5B00A75B9A /* Sources */ = {
			isa = PBXSourcesBuildPhase;
			buildActionMask = 2147483647;
			files = (
				13B07FBC1A68108700A75B9A /* AppDelegate.mm in Sources */,
				13B07FC11A68108700A75B9A /* main.m in Sources */,
			);
			runOnlyForDeploymentPostprocessing = 0;
		};
/* End PBXSourcesBuildPhase section */

/* Begin PBXTargetDependency section */
		00E356F51AD99517003FC87E /* PBXTargetDependency */ = {
			isa = PBXTargetDependency;
			target = 13B07F861A680F5B00A75B9A /* lenvoleequestionnairev2 */;
			targetProxy = 00E356F41AD99517003FC87E /* PBXContainerItemProxy */;
		};
/* End PBXTargetDependency section */

/* Begin XCBuildConfiguration section */
		00E356F61AD99517003FC87E /* Debug */ = {
			isa = XCBuildConfiguration;
			baseConfigurationReference = 5B7EB9410499542E8C5724F5 /* Pods-lenvoleequestionnairev2-lenvoleequestionnairev2Tests.debug.xcconfig */;
			buildSettings = {
				BUNDLE_LOADER = "$(TEST_HOST)";
				GCC_PREPROCESSOR_DEFINITIONS = (
					"DEBUG=1",
					"$(inherited)",
				);
				INFOPLIST_FILE = "lenvoleequestionnairev2Tests/Info.plist";
				IPHONEOS_DEPLOYMENT_TARGET = 12.4;
				LD_RUNPATH_SEARCH_PATHS = (
					"$(inherited)",
					"@executable_path/Frameworks",
					"@loader_path/Frameworks",
				);
				OTHER_LDFLAGS = (
					"-ObjC",
					"-lc++",
					"$(inherited)",
				);
				PRODUCT_BUNDLE_IDENTIFIER = "com.lenvoleequestionnaire.v2";
				PRODUCT_NAME = "$(TARGET_NAME)";
				TEST_HOST = "$(BUILT_PRODUCTS_DIR)/lenvoleequestionnairev2.app/lenvoleequestionnairev2";
			};
			name = Debug;
		};
		00E356F71AD99517003FC87E /* Release */ = {
			isa = XCBuildConfiguration;
			baseConfigurationReference = 89C6BE57DB24E9ADA2F236DE /* Pods-lenvoleequestionnairev2-lenvoleequestionnairev2Tests.release.xcconfig */;
			buildSettings = {
				BUNDLE_LOADER = "$(TEST_HOST)";
				COPY_PHASE_STRIP = NO;
				INFOPLIST_FILE = "lenvoleequestionnairev2Tests/Info.plist";
				IPHONEOS_DEPLOYMENT_TARGET = 12.4;
				LD_RUNPATH_SEARCH_PATHS = (
					"$(inherited)",
					"@executable_path/Frameworks",
					"@loader_path/Frameworks",
				);
				OTHER_LDFLAGS = (
					"-ObjC",
					"-lc++",
					"$(inherited)",
				);
				PRODUCT_BUNDLE_IDENTIFIER = "com.lenvoleequestionnaire.v2";
				PRODUCT_NAME = "$(TARGET_NAME)";
				TEST_HOST = "$(BUILT_PRODUCTS_DIR)/lenvoleequestionnairev2.app/lenvoleequestionnairev2";
			};
			name = Release;
		};
		13B07F941A680F5B00A75B9A /* Debug */ = {
			isa = XCBuildConfiguration;
			baseConfigurationReference = 3B4392A12AC88292D35C810B /* Pods-lenvoleequestionnairev2.debug.xcconfig */;
			buildSettings = {
				ASSETCATALOG_COMPILER_APPICON_NAME = AppIcon;
				CLANG_ENABLE_MODULES = YES;
				CURRENT_PROJECT_VERSION = 14;
				ENABLE_BITCODE = NO;
				INFOPLIST_FILE = "lenvoleequestionnairev2/Info.plist";
             INFOPLIST_KEY_CFBundleDisplayName = "lenvolee questionnaire v2";
				LD_RUNPATH_SEARCH_PATHS = (
					"$(inherited)",
					"@executable_path/Frameworks",
				);
				MARKETING_VERSION = 1.0;
				OTHER_LDFLAGS = (
					"$(inherited)",
					"-ObjC",
					"-lc++",
				);
				PRODUCT_BUNDLE_IDENTIFIER = "com.lenvoleequestionnaire.v2";
				PRODUCT_NAME = "lenvoleequestionnairev2";
				SWIFT_OPTIMIZATION_LEVEL = "-Onone";
				SWIFT_VERSION = 5.0;
				VERSIONING_SYSTEM = "apple-generic";
			};
			name = Debug;
		};
		13B07F951A680F5B00A75B9A /* Release */ = {
			isa = XCBuildConfiguration;
			baseConfigurationReference = 5709B34CF0A7D63546082F79 /* Pods-lenvoleequestionnairev2.release.xcconfig */;
			buildSettings = {
				ASSETCATALOG_COMPILER_APPICON_NAME = AppIcon;
				CLANG_ENABLE_MODULES = YES;
				CURRENT_PROJECT_VERSION = 14;
				INFOPLIST_FILE = "lenvoleequestionnairev2/Info.plist";
             INFOPLIST_KEY_CFBundleDisplayName = "lenvolee questionnaire v2";
				LD_RUNPATH_SEARCH_PATHS = (
					"$(inherited)",
					"@executable_path/Frameworks",
				);
				MARKETING_VERSION = 1.0;
				OTHER_LDFLAGS = (
					"$(inherited)",
					"-ObjC",
					"-lc++",
				);
				PRODUCT_BUNDLE_IDENTIFIER = "com.lenvoleequestionnaire.v2";
				PRODUCT_NAME = "lenvoleequestionnairev2";
				SWIFT_VERSION = 5.0;
				VERSIONING_SYSTEM = "apple-generic";
			};
			name = Release;
		};
		83CBBA201A601CBA00E9B192 /* Debug */ = {
			isa = XCBuildConfiguration;
			buildSettings = {
				ALWAYS_SEARCH_USER_PATHS = NO;
				CLANG_ANALYZER_LOCALIZABILITY_NONLOCALIZED = YES;
				CLANG_CXX_LANGUAGE_STANDARD = "c++17";
				CLANG_CXX_LIBRARY = "libc++";
				CLANG_ENABLE_MODULES = YES;
				CLANG_ENABLE_OBJC_ARC = YES;
				CLANG_WARN_BLOCK_CAPTURE_AUTORELEASING = YES;
				CLANG_WARN_BOOL_CONVERSION = YES;
				CLANG_WARN_COMMA = YES;
				CLANG_WARN_CONSTANT_CONVERSION = YES;
				CLANG_WARN_DEPRECATED_OBJC_IMPLEMENTATIONS = YES;
				CLANG_WARN_DIRECT_OBJC_ISA_USAGE = YES_ERROR;
				CLANG_WARN_EMPTY_BODY = YES;
				CLANG_WARN_ENUM_CONVERSION = YES;
				CLANG_WARN_INFINITE_RECURSION = YES;
				CLANG_WARN_INT_CONVERSION = YES;
				CLANG_WARN_NON_LITERAL_NULL_CONVERSION = YES;
				CLANG_WARN_OBJC_IMPLICIT_RETAIN_SELF = YES;
				CLANG_WARN_OBJC_LITERAL_CONVERSION = YES;
				CLANG_WARN_OBJC_ROOT_CLASS = YES_ERROR;
				CLANG_WARN_QUOTED_INCLUDE_IN_FRAMEWORK_HEADER = YES;
				CLANG_WARN_RANGE_LOOP_ANALYSIS = YES;
				CLANG_WARN_STRICT_PROTOTYPES = YES;
				CLANG_WARN_SUSPICIOUS_MOVE = YES;
				CLANG_WARN_UNREACHABLE_CODE = YES;
				CLANG_WARN__DUPLICATE_METHOD_MATCH = YES;
				"CODE_SIGN_IDENTITY[sdk=iphoneos*]" = "iPhone Developer";
				COPY_PHASE_STRIP = NO;
				ENABLE_STRICT_OBJC_MSGSEND = YES;
				ENABLE_TESTABILITY = YES;
				"EXCLUDED_ARCHS[sdk=iphonesimulator*]" = "";
				GCC_C_LANGUAGE_STANDARD = gnu99;
				GCC_DYNAMIC_NO_PIC = NO;
				GCC_NO_COMMON_BLOCKS = YES;
				GCC_OPTIMIZATION_LEVEL = 0;
				GCC_PREPROCESSOR_DEFINITIONS = (
					"DEBUG=1",
					"$(inherited)",
				);
				GCC_SYMBOLS_PRIVATE_EXTERN = NO;
				GCC_WARN_64_TO_32_BIT_CONVERSION = YES;
				GCC_WARN_ABOUT_RETURN_TYPE = YES_ERROR;
				GCC_WARN_UNDECLARED_SELECTOR = YES;
				GCC_WARN_UNINITIALIZED_AUTOS = YES_AGGRESSIVE;
				GCC_WARN_UNUSED_FUNCTION = YES;
				GCC_WARN_UNUSED_VARIABLE = YES;
				IPHONEOS_DEPLOYMENT_TARGET = 12.4;
				LD_RUNPATH_SEARCH_PATHS = (
					/usr/lib/swift,
					"$(inherited)",
				);
				LIBRARY_SEARCH_PATHS = (
					"\"$(SDKROOT)/usr/lib/swift\"",
					"\"$(TOOLCHAIN_DIR)/usr/lib/swift/$(PLATFORM_NAME)\"",
					"\"$(inherited)\"",
				);
				MTL_ENABLE_DEBUG_INFO = YES;
				ONLY_ACTIVE_ARCH = YES;
				OTHER_CPLUSPLUSFLAGS = (
					"$(OTHER_CFLAGS)",
					"-DFOLLY_NO_CONFIG",
					"-DFOLLY_MOBILE=1",
					"-DFOLLY_USE_LIBCPP=1",
				);
				SDKROOT = iphoneos;
			};
			name = Debug;
		};
		83CBBA211A601CBA00E9B192 /* Release */ = {
			isa = XCBuildConfiguration;
			buildSettings = {
				ALWAYS_SEARCH_USER_PATHS = NO;
				CLANG_ANALYZER_LOCALIZABILITY_NONLOCALIZED = YES;
				CLANG_CXX_LANGUAGE_STANDARD = "c++17";
				CLANG_CXX_LIBRARY = "libc++";
				CLANG_ENABLE_MODULES = YES;
				CLANG_ENABLE_OBJC_ARC = YES;
				CLANG_WARN_BLOCK_CAPTURE_AUTORELEASING = YES;
				CLANG_WARN_BOOL_CONVERSION = YES;
				CLANG_WARN_COMMA = YES;
				CLANG_WARN_CONSTANT_CONVERSION = YES;
				CLANG_WARN_DEPRECATED_OBJC_IMPLEMENTATIONS = YES;
				CLANG_WARN_DIRECT_OBJC_ISA_USAGE = YES_ERROR;
				CLANG_WARN_EMPTY_BODY = YES;
				CLANG_WARN_ENUM_CONVERSION = YES;
				CLANG_WARN_INFINITE_RECURSION = YES;
				CLANG_WARN_INT_CONVERSION = YES;
				CLANG_WARN_NON_LITERAL_NULL_CONVERSION = YES;
				CLANG_WARN_OBJC_IMPLICIT_RETAIN_SELF = YES;
				CLANG_WARN_OBJC_LITERAL_CONVERSION = YES;
				CLANG_WARN_OBJC_ROOT_CLASS = YES_ERROR;
				CLANG_WARN_QUOTED_INCLUDE_IN_FRAMEWORK_HEADER = YES;
				CLANG_WARN_RANGE_LOOP_ANALYSIS = YES;
				CLANG_WARN_STRICT_PROTOTYPES = YES;
				CLANG_WARN_SUSPICIOUS_MOVE = YES;
				CLANG_WARN_UNREACHABLE_CODE = YES;
				CLANG_WARN__DUPLICATE_METHOD_MATCH = YES;
				"CODE_SIGN_IDENTITY[sdk=iphoneos*]" = "iPhone Developer";
				COPY_PHASE_STRIP = YES;
				ENABLE_NS_ASSERTIONS = NO;
				ENABLE_STRICT_OBJC_MSGSEND = YES;
				"EXCLUDED_ARCHS[sdk=iphonesimulator*]" = "";
				GCC_C_LANGUAGE_STANDARD = gnu99;
				GCC_NO_COMMON_BLOCKS = YES;
				GCC_WARN_64_TO_32_BIT_CONVERSION = YES;
				GCC_WARN_ABOUT_RETURN_TYPE = YES_ERROR;
				GCC_WARN_UNDECLARED_SELECTOR = YES;
				GCC_WARN_UNINITIALIZED_AUTOS = YES_AGGRESSIVE;
				GCC_WARN_UNUSED_FUNCTION = YES;
				GCC_WARN_UNUSED_VARIABLE = YES;
				IPHONEOS_DEPLOYMENT_TARGET = 12.4;
				LD_RUNPATH_SEARCH_PATHS = (
					/usr/lib/swift,
					"$(inherited)",
				);
				LIBRARY_SEARCH_PATHS = (
					"\"$(SDKROOT)/usr/lib/swift\"",
					"\"$(TOOLCHAIN_DIR)/usr/lib/swift/$(PLATFORM_NAME)\"",
					"\"$(inherited)\"",
				);
				MTL_ENABLE_DEBUG_INFO = NO;
				OTHER_CPLUSPLUSFLAGS = (
					"$(OTHER_CFLAGS)",
					"-DFOLLY_NO_CONFIG",
					"-DFOLLY_MOBILE=1",
					"-DFOLLY_USE_LIBCPP=1",
				);
				SDKROOT = iphoneos;
				VALIDATE_PRODUCT = YES;
			};
			name = Release;
		};
/* End XCBuildConfiguration section */

/* Begin XCConfigurationList section */
		00E357021AD99517003FC87E /* Build configuration list for PBXNativeTarget "lenvoleequestionnairev2Tests" */ = {
			isa = XCConfigurationList;
			buildConfigurations = (
				00E356F61AD99517003FC87E /* Debug */,
				00E356F71AD99517003FC87E /* Release */,
			);
			defaultConfigurationIsVisible = 0;
			defaultConfigurationName = Release;
		};
		13B07F931A680F5B00A75B9A /* Build configuration list for PBXNativeTarget "lenvoleequestionnairev2" */ = {
			isa = XCConfigurationList;
			buildConfigurations = (
				13B07F941A680F5B00A75B9A /* Debug */,
				13B07F951A680F5B00A75B9A /* Release */,
			);
			defaultConfigurationIsVisible = 0;
			defaultConfigurationName = Release;
		};
		83CBB9FA1A601CBA00E9B192 /* Build configuration list for PBXProject "lenvoleequestionnairev2" */ = {
			isa = XCConfigurationList;
			buildConfigurations = (
				83CBBA201A601CBA00E9B192 /* Debug */,
				83CBBA211A601CBA00E9B192 /* Release */,
			);
			defaultConfigurationIsVisible = 0;
			defaultConfigurationName = Release;
		};
/* End XCConfigurationList section */
	};
	rootObject = 83CBB9F71A601CBA00E9B192 /* Project object */;
}
